// !$*UTF8*$!
{
	archiveVersion = 1;
	classes = {
	};
	objectVersion = 55;
	objects = {

/* Begin PBXBuildFile section */
		4C1859302826B1E700819184 /* AppDelegate.swift in Sources */ = {isa = PBXBuildFile; fileRef = 4C18592F2826B1E700819184 /* AppDelegate.swift */; };
		4C1859322826B1E700819184 /* SceneDelegate.swift in Sources */ = {isa = PBXBuildFile; fileRef = 4C1859312826B1E700819184 /* SceneDelegate.swift */; };
		4C1859342826B1E700819184 /* LikesCollectionViewController.swift in Sources */ = {isa = PBXBuildFile; fileRef = 4C1859332826B1E700819184 /* LikesCollectionViewController.swift */; };
		4C1859392826B1EA00819184 /* Assets.xcassets in Resources */ = {isa = PBXBuildFile; fileRef = 4C1859382826B1EA00819184 /* Assets.xcassets */; };
		4C18593C2826B1EA00819184 /* LaunchScreen.storyboard in Resources */ = {isa = PBXBuildFile; fileRef = 4C18593A2826B1EA00819184 /* LaunchScreen.storyboard */; };
		4C1859442826B2F700819184 /* MainTabBarController.swift in Sources */ = {isa = PBXBuildFile; fileRef = 4C1859432826B2F700819184 /* MainTabBarController.swift */; };
		4C1859462826B40000819184 /* PhotosCollectionViewController.swift in Sources */ = {isa = PBXBuildFile; fileRef = 4C1859452826B40000819184 /* PhotosCollectionViewController.swift */; };
		4C1859482826CD0B00819184 /* NetworkService.swift in Sources */ = {isa = PBXBuildFile; fileRef = 4C1859472826CD0B00819184 /* NetworkService.swift */; };
		4C18594B2826D34300819184 /* NetworkDataFetcher.swift in Sources */ = {isa = PBXBuildFile; fileRef = 4C18594A2826D34300819184 /* NetworkDataFetcher.swift */; };
		4C18594D2826D39B00819184 /* SearchResults.swift in Sources */ = {isa = PBXBuildFile; fileRef = 4C18594C2826D39B00819184 /* SearchResults.swift */; };
		4C1859502826DB0800819184 /* PhotoCell.swift in Sources */ = {isa = PBXBuildFile; fileRef = 4C18594F2826DB0800819184 /* PhotoCell.swift */; };
		4C185955282BF3C200819184 /* LikesCollectionViewCell.swift in Sources */ = {isa = PBXBuildFile; fileRef = 4C185954282BF3C200819184 /* LikesCollectionViewCell.swift */; };
		4C185957282BF3E900819184 /* UIKit + Extension.swift in Sources */ = {isa = PBXBuildFile; fileRef = 4C185956282BF3E900819184 /* UIKit + Extension.swift */; };
		4C185959282C022800819184 /* WaterfallLayout.swift in Sources */ = {isa = PBXBuildFile; fileRef = 4C185958282C022800819184 /* WaterfallLayout.swift */; };
		5E38054E4BA7E22401B9E3FA /* Pods_PhotoLibrary.framework in Frameworks */ = {isa = PBXBuildFile; fileRef = A3EB144BB3CEB8563FC08F07 /* Pods_PhotoLibrary.framework */; };
/* End PBXBuildFile section */

/* Begin PBXFileReference section */
		4C18592C2826B1E700819184 /* PhotoLibrary.app */ = {isa = PBXFileReference; explicitFileType = wrapper.application; includeInIndex = 0; path = PhotoLibrary.app; sourceTree = BUILT_PRODUCTS_DIR; };
		4C18592F2826B1E700819184 /* AppDelegate.swift */ = {isa = PBXFileReference; lastKnownFileType = sourcecode.swift; path = AppDelegate.swift; sourceTree = "<group>"; };
		4C1859312826B1E700819184 /* SceneDelegate.swift */ = {isa = PBXFileReference; lastKnownFileType = sourcecode.swift; path = SceneDelegate.swift; sourceTree = "<group>"; };
		4C1859332826B1E700819184 /* LikesCollectionViewController.swift */ = {isa = PBXFileReference; lastKnownFileType = sourcecode.swift; path = LikesCollectionViewController.swift; sourceTree = "<group>"; };
		4C1859382826B1EA00819184 /* Assets.xcassets */ = {isa = PBXFileReference; lastKnownFileType = folder.assetcatalog; path = Assets.xcassets; sourceTree = "<group>"; };
		4C18593B2826B1EA00819184 /* Base */ = {isa = PBXFileReference; lastKnownFileType = file.storyboard; name = Base; path = Base.lproj/LaunchScreen.storyboard; sourceTree = "<group>"; };
		4C18593D2826B1EA00819184 /* Info.plist */ = {isa = PBXFileReference; lastKnownFileType = text.plist.xml; path = Info.plist; sourceTree = "<group>"; };
		4C1859432826B2F700819184 /* MainTabBarController.swift */ = {isa = PBXFileReference; lastKnownFileType = sourcecode.swift; path = MainTabBarController.swift; sourceTree = "<group>"; };
		4C1859452826B40000819184 /* PhotosCollectionViewController.swift */ = {isa = PBXFileReference; lastKnownFileType = sourcecode.swift; path = PhotosCollectionViewController.swift; sourceTree = "<group>"; };
		4C1859472826CD0B00819184 /* NetworkService.swift */ = {isa = PBXFileReference; lastKnownFileType = sourcecode.swift; path = NetworkService.swift; sourceTree = "<group>"; };
		4C18594A2826D34300819184 /* NetworkDataFetcher.swift */ = {isa = PBXFileReference; lastKnownFileType = sourcecode.swift; path = NetworkDataFetcher.swift; sourceTree = "<group>"; };
		4C18594C2826D39B00819184 /* SearchResults.swift */ = {isa = PBXFileReference; lastKnownFileType = sourcecode.swift; path = SearchResults.swift; sourceTree = "<group>"; };
		4C18594F2826DB0800819184 /* PhotoCell.swift */ = {isa = PBXFileReference; lastKnownFileType = sourcecode.swift; path = PhotoCell.swift; sourceTree = "<group>"; };
		4C185954282BF3C200819184 /* LikesCollectionViewCell.swift */ = {isa = PBXFileReference; lastKnownFileType = sourcecode.swift; path = LikesCollectionViewCell.swift; sourceTree = "<group>"; };
		4C185956282BF3E900819184 /* UIKit + Extension.swift */ = {isa = PBXFileReference; lastKnownFileType = sourcecode.swift; path = "UIKit + Extension.swift"; sourceTree = "<group>"; };
		4C185958282C022800819184 /* WaterfallLayout.swift */ = {isa = PBXFileReference; fileEncoding = 4; lastKnownFileType = sourcecode.swift; path = WaterfallLayout.swift; sourceTree = "<group>"; };
		A3EB144BB3CEB8563FC08F07 /* Pods_PhotoLibrary.framework */ = {isa = PBXFileReference; explicitFileType = wrapper.framework; includeInIndex = 0; path = Pods_PhotoLibrary.framework; sourceTree = BUILT_PRODUCTS_DIR; };
		CFFF3E0C437875CF179E62EA /* Pods-PhotoLibrary.debug.xcconfig */ = {isa = PBXFileReference; includeInIndex = 1; lastKnownFileType = text.xcconfig; name = "Pods-PhotoLibrary.debug.xcconfig"; path = "Target Support Files/Pods-PhotoLibrary/Pods-PhotoLibrary.debug.xcconfig"; sourceTree = "<group>"; };
		F8B8DA84472B8E1318E1BEA4 /* Pods-PhotoLibrary.release.xcconfig */ = {isa = PBXFileReference; includeInIndex = 1; lastKnownFileType = text.xcconfig; name = "Pods-PhotoLibrary.release.xcconfig"; path = "Target Support Files/Pods-PhotoLibrary/Pods-PhotoLibrary.release.xcconfig"; sourceTree = "<group>"; };
/* End PBXFileReference section */

/* Begin PBXFrameworksBuildPhase section */
		4C1859292826B1E700819184 /* Frameworks */ = {
			isa = PBXFrameworksBuildPhase;
			buildActionMask = 2147483647;
			files = (
				5E38054E4BA7E22401B9E3FA /* Pods_PhotoLibrary.framework in Frameworks */,
			);
			runOnlyForDeploymentPostprocessing = 0;
		};
/* End PBXFrameworksBuildPhase section */

/* Begin PBXGroup section */
		2859E43459E0DC0D4501D755 /* Pods */ = {
			isa = PBXGroup;
			children = (
				CFFF3E0C437875CF179E62EA /* Pods-PhotoLibrary.debug.xcconfig */,
				F8B8DA84472B8E1318E1BEA4 /* Pods-PhotoLibrary.release.xcconfig */,
			);
			path = Pods;
			sourceTree = "<group>";
		};
		4C1859232826B1E700819184 = {
			isa = PBXGroup;
			children = (
				4C18592E2826B1E700819184 /* PhotoLibrary */,
				4C18592D2826B1E700819184 /* Products */,
				2859E43459E0DC0D4501D755 /* Pods */,
				AFE84C9ABFCE8F147350333C /* Frameworks */,
			);
			sourceTree = "<group>";
		};
		4C18592D2826B1E700819184 /* Products */ = {
			isa = PBXGroup;
			children = (
				4C18592C2826B1E700819184 /* PhotoLibrary.app */,
			);
			name = Products;
			sourceTree = "<group>";
		};
		4C18592E2826B1E700819184 /* PhotoLibrary */ = {
			isa = PBXGroup;
			children = (
				4C18592F2826B1E700819184 /* AppDelegate.swift */,
				4C1859312826B1E700819184 /* SceneDelegate.swift */,
				4C1859432826B2F700819184 /* MainTabBarController.swift */,
				4C1859492826D07C00819184 /* Services */,
				4C18594E2826D3C100819184 /* Models */,
				4C18595A282D60CF00819184 /* LikesPhotos */,
				4C185953282BF34B00819184 /* Photos */,
				4C185956282BF3E900819184 /* UIKit + Extension.swift */,
				4C1859382826B1EA00819184 /* Assets.xcassets */,
				4C18593A2826B1EA00819184 /* LaunchScreen.storyboard */,
				4C18593D2826B1EA00819184 /* Info.plist */,
			);
			path = PhotoLibrary;
			sourceTree = "<group>";
		};
		4C1859492826D07C00819184 /* Services */ = {
			isa = PBXGroup;
			children = (
				4C1859472826CD0B00819184 /* NetworkService.swift */,
				4C18594A2826D34300819184 /* NetworkDataFetcher.swift */,
			);
			path = Services;
			sourceTree = "<group>";
		};
		4C18594E2826D3C100819184 /* Models */ = {
			isa = PBXGroup;
			children = (
				4C18594C2826D39B00819184 /* SearchResults.swift */,
			);
			path = Models;
			sourceTree = "<group>";
		};
		4C185953282BF34B00819184 /* Photos */ = {
			isa = PBXGroup;
			children = (
				4C1859452826B40000819184 /* PhotosCollectionViewController.swift */,
				4C18594F2826DB0800819184 /* PhotoCell.swift */,
				4C185958282C022800819184 /* WaterfallLayout.swift */,
			);
			path = Photos;
			sourceTree = "<group>";
		};
		4C18595A282D60CF00819184 /* LikesPhotos */ = {
			isa = PBXGroup;
			children = (
				4C1859332826B1E700819184 /* LikesCollectionViewController.swift */,
				4C185954282BF3C200819184 /* LikesCollectionViewCell.swift */,
			);
			path = LikesPhotos;
			sourceTree = "<group>";
		};
		AFE84C9ABFCE8F147350333C /* Frameworks */ = {
			isa = PBXGroup;
			children = (
				A3EB144BB3CEB8563FC08F07 /* Pods_PhotoLibrary.framework */,
			);
			name = Frameworks;
			sourceTree = "<group>";
		};
/* End PBXGroup section */

/* Begin PBXNativeTarget section */
		4C18592B2826B1E700819184 /* PhotoLibrary */ = {
			isa = PBXNativeTarget;
			buildConfigurationList = 4C1859402826B1EA00819184 /* Build configuration list for PBXNativeTarget "PhotoLibrary" */;
			buildPhases = (
				6FDB4F52A32530B6D7FC7EAC /* [CP] Check Pods Manifest.lock */,
				4C1859282826B1E700819184 /* Sources */,
				4C1859292826B1E700819184 /* Frameworks */,
				4C18592A2826B1E700819184 /* Resources */,
				A82EA2442776315061ECB6D5 /* [CP] Embed Pods Frameworks */,
			);
			buildRules = (
			);
			dependencies = (
			);
			name = PhotoLibrary;
			productName = PhotoLibrary;
			productReference = 4C18592C2826B1E700819184 /* PhotoLibrary.app */;
			productType = "com.apple.product-type.application";
		};
/* End PBXNativeTarget section */

/* Begin PBXProject section */
		4C1859242826B1E700819184 /* Project object */ = {
			isa = PBXProject;
			attributes = {
				BuildIndependentTargetsInParallel = 1;
				LastSwiftUpdateCheck = 1330;
				LastUpgradeCheck = 1330;
				TargetAttributes = {
					4C18592B2826B1E700819184 = {
						CreatedOnToolsVersion = 13.3.1;
					};
				};
			};
			buildConfigurationList = 4C1859272826B1E700819184 /* Build configuration list for PBXProject "PhotoLibrary" */;
			compatibilityVersion = "Xcode 13.0";
			developmentRegion = en;
			hasScannedForEncodings = 0;
			knownRegions = (
				en,
				Base,
			);
			mainGroup = 4C1859232826B1E700819184;
			productRefGroup = 4C18592D2826B1E700819184 /* Products */;
			projectDirPath = "";
			projectRoot = "";
			targets = (
				4C18592B2826B1E700819184 /* PhotoLibrary */,
			);
		};
/* End PBXProject section */

/* Begin PBXResourcesBuildPhase section */
		4C18592A2826B1E700819184 /* Resources */ = {
			isa = PBXResourcesBuildPhase;
			buildActionMask = 2147483647;
			files = (
				4C18593C2826B1EA00819184 /* LaunchScreen.storyboard in Resources */,
				4C1859392826B1EA00819184 /* Assets.xcassets in Resources */,
			);
			runOnlyForDeploymentPostprocessing = 0;
		};
/* End PBXResourcesBuildPhase section */

/* Begin PBXShellScriptBuildPhase section */
		6FDB4F52A32530B6D7FC7EAC /* [CP] Check Pods Manifest.lock */ = {
			isa = PBXShellScriptBuildPhase;
			buildActionMask = 2147483647;
			files = (
			);
			inputFileListPaths = (
			);
			inputPaths = (
				"${PODS_PODFILE_DIR_PATH}/Podfile.lock",
				"${PODS_ROOT}/Manifest.lock",
			);
			name = "[CP] Check Pods Manifest.lock";
			outputFileListPaths = (
			);
			outputPaths = (
				"$(DERIVED_FILE_DIR)/Pods-PhotoLibrary-checkManifestLockResult.txt",
			);
			runOnlyForDeploymentPostprocessing = 0;
			shellPath = /bin/sh;
			shellScript = "diff \"${PODS_PODFILE_DIR_PATH}/Podfile.lock\" \"${PODS_ROOT}/Manifest.lock\" > /dev/null\nif [ $? != 0 ] ; then\n    # print error to STDERR\n    echo \"error: The sandbox is not in sync with the Podfile.lock. Run 'pod install' or update your CocoaPods installation.\" >&2\n    exit 1\nfi\n# This output is used by Xcode 'outputs' to avoid re-running this script phase.\necho \"SUCCESS\" > \"${SCRIPT_OUTPUT_FILE_0}\"\n";
			showEnvVarsInLog = 0;
		};
		A82EA2442776315061ECB6D5 /* [CP] Embed Pods Frameworks */ = {
			isa = PBXShellScriptBuildPhase;
			buildActionMask = 2147483647;
			files = (
			);
			inputFileListPaths = (
				"${PODS_ROOT}/Target Support Files/Pods-PhotoLibrary/Pods-PhotoLibrary-frameworks-${CONFIGURATION}-input-files.xcfilelist",
			);
			name = "[CP] Embed Pods Frameworks";
			outputFileListPaths = (
				"${PODS_ROOT}/Target Support Files/Pods-PhotoLibrary/Pods-PhotoLibrary-frameworks-${CONFIGURATION}-output-files.xcfilelist",
			);
			runOnlyForDeploymentPostprocessing = 0;
			shellPath = /bin/sh;
			shellScript = "\"${PODS_ROOT}/Target Support Files/Pods-PhotoLibrary/Pods-PhotoLibrary-frameworks.sh\"\n";
			showEnvVarsInLog = 0;
		};
/* End PBXShellScriptBuildPhase section */

/* Begin PBXSourcesBuildPhase section */
		4C1859282826B1E700819184 /* Sources */ = {
			isa = PBXSourcesBuildPhase;
			buildActionMask = 2147483647;
			files = (
				4C18594B2826D34300819184 /* NetworkDataFetcher.swift in Sources */,
				4C1859502826DB0800819184 /* PhotoCell.swift in Sources */,
				4C1859342826B1E700819184 /* LikesCollectionViewController.swift in Sources */,
				4C185955282BF3C200819184 /* LikesCollectionViewCell.swift in Sources */,
				4C185959282C022800819184 /* WaterfallLayout.swift in Sources */,
				4C1859302826B1E700819184 /* AppDelegate.swift in Sources */,
				4C1859442826B2F700819184 /* MainTabBarController.swift in Sources */,
				4C185957282BF3E900819184 /* UIKit + Extension.swift in Sources */,
				4C1859462826B40000819184 /* PhotosCollectionViewController.swift in Sources */,
				4C1859482826CD0B00819184 /* NetworkService.swift in Sources */,
				4C18594D2826D39B00819184 /* SearchResults.swift in Sources */,
				4C1859322826B1E700819184 /* SceneDelegate.swift in Sources */,
			);
			runOnlyForDeploymentPostprocessing = 0;
		};
/* End PBXSourcesBuildPhase section */

/* Begin PBXVariantGroup section */
		4C18593A2826B1EA00819184 /* LaunchScreen.storyboard */ = {
			isa = PBXVariantGroup;
			children = (
				4C18593B2826B1EA00819184 /* Base */,
			);
			name = LaunchScreen.storyboard;
			sourceTree = "<group>";
		};
/* End PBXVariantGroup section */

/* Begin XCBuildConfiguration section */
		4C18593E2826B1EA00819184 /* Debug */ = {
			isa = XCBuildConfiguration;
			buildSettings = {
				ALWAYS_SEARCH_USER_PATHS = NO;
				CLANG_ANALYZER_NONNULL = YES;
				CLANG_ANALYZER_NUMBER_OBJECT_CONVERSION = YES_AGGRESSIVE;
				CLANG_CXX_LANGUAGE_STANDARD = "gnu++17";
				CLANG_ENABLE_MODULES = YES;
				CLANG_ENABLE_OBJC_ARC = YES;
				CLANG_ENABLE_OBJC_WEAK = YES;
				CLANG_WARN_BLOCK_CAPTURE_AUTORELEASING = YES;
				CLANG_WARN_BOOL_CONVERSION = YES;
				CLANG_WARN_COMMA = YES;
				CLANG_WARN_CONSTANT_CONVERSION = YES;
				CLANG_WARN_DEPRECATED_OBJC_IMPLEMENTATIONS = YES;
				CLANG_WARN_DIRECT_OBJC_ISA_USAGE = YES_ERROR;
				CLANG_WARN_DOCUMENTATION_COMMENTS = YES;
				CLANG_WARN_EMPTY_BODY = YES;
				CLANG_WARN_ENUM_CONVERSION = YES;
				CLANG_WARN_INFINITE_RECURSION = YES;
				CLANG_WARN_INT_CONVERSION = YES;
				CLANG_WARN_NON_LITERAL_NULL_CONVERSION = YES;
				CLANG_WARN_OBJC_IMPLICIT_RETAIN_SELF = YES;
				CLANG_WARN_OBJC_LITERAL_CONVERSION = YES;
				CLANG_WARN_OBJC_ROOT_CLASS = YES_ERROR;
				CLANG_WARN_QUOTED_INCLUDE_IN_FRAMEWORK_HEADER = YES;
				CLANG_WARN_RANGE_LOOP_ANALYSIS = YES;
				CLANG_WARN_STRICT_PROTOTYPES = YES;
				CLANG_WARN_SUSPICIOUS_MOVE = YES;
				CLANG_WARN_UNGUARDED_AVAILABILITY = YES_AGGRESSIVE;
				CLANG_WARN_UNREACHABLE_CODE = YES;
				CLANG_WARN__DUPLICATE_METHOD_MATCH = YES;
				COPY_PHASE_STRIP = NO;
				DEBUG_INFORMATION_FORMAT = dwarf;
				ENABLE_STRICT_OBJC_MSGSEND = YES;
				ENABLE_TESTABILITY = YES;
				GCC_C_LANGUAGE_STANDARD = gnu11;
				GCC_DYNAMIC_NO_PIC = NO;
				GCC_NO_COMMON_BLOCKS = YES;
				GCC_OPTIMIZATION_LEVEL = 0;
				GCC_PREPROCESSOR_DEFINITIONS = (
					"DEBUG=1",
					"$(inherited)",
				);
				GCC_WARN_64_TO_32_BIT_CONVERSION = YES;
				GCC_WARN_ABOUT_RETURN_TYPE = YES_ERROR;
				GCC_WARN_UNDECLARED_SELECTOR = YES;
				GCC_WARN_UNINITIALIZED_AUTOS = YES_AGGRESSIVE;
				GCC_WARN_UNUSED_FUNCTION = YES;
				GCC_WARN_UNUSED_VARIABLE = YES;
				IPHONEOS_DEPLOYMENT_TARGET = 15.4;
				MTL_ENABLE_DEBUG_INFO = INCLUDE_SOURCE;
				MTL_FAST_MATH = YES;
				ONLY_ACTIVE_ARCH = YES;
				SDKROOT = iphoneos;
				SWIFT_ACTIVE_COMPILATION_CONDITIONS = DEBUG;
				SWIFT_OPTIMIZATION_LEVEL = "-Onone";
			};
			name = Debug;
		};
		4C18593F2826B1EA00819184 /* Release */ = {
			isa = XCBuildConfiguration;
			buildSettings = {
				ALWAYS_SEARCH_USER_PATHS = NO;
				CLANG_ANALYZER_NONNULL = YES;
				CLANG_ANALYZER_NUMBER_OBJECT_CONVERSION = YES_AGGRESSIVE;
				CLANG_CXX_LANGUAGE_STANDARD = "gnu++17";
				CLANG_ENABLE_MODULES = YES;
				CLANG_ENABLE_OBJC_ARC = YES;
				CLANG_ENABLE_OBJC_WEAK = YES;
				CLANG_WARN_BLOCK_CAPTURE_AUTORELEASING = YES;
				CLANG_WARN_BOOL_CONVERSION = YES;
				CLANG_WARN_COMMA = YES;
				CLANG_WARN_CONSTANT_CONVERSION = YES;
				CLANG_WARN_DEPRECATED_OBJC_IMPLEMENTATIONS = YES;
				CLANG_WARN_DIRECT_OBJC_ISA_USAGE = YES_ERROR;
				CLANG_WARN_DOCUMENTATION_COMMENTS = YES;
				CLANG_WARN_EMPTY_BODY = YES;
				CLANG_WARN_ENUM_CONVERSION = YES;
				CLANG_WARN_INFINITE_RECURSION = YES;
				CLANG_WARN_INT_CONVERSION = YES;
				CLANG_WARN_NON_LITERAL_NULL_CONVERSION = YES;
				CLANG_WARN_OBJC_IMPLICIT_RETAIN_SELF = YES;
				CLANG_WARN_OBJC_LITERAL_CONVERSION = YES;
				CLANG_WARN_OBJC_ROOT_CLASS = YES_ERROR;
				CLANG_WARN_QUOTED_INCLUDE_IN_FRAMEWORK_HEADER = YES;
				CLANG_WARN_RANGE_LOOP_ANALYSIS = YES;
				CLANG_WARN_STRICT_PROTOTYPES = YES;
				CLANG_WARN_SUSPICIOUS_MOVE = YES;
				CLANG_WARN_UNGUARDED_AVAILABILITY = YES_AGGRESSIVE;
				CLANG_WARN_UNREACHABLE_CODE = YES;
				CLANG_WARN__DUPLICATE_METHOD_MATCH = YES;
				COPY_PHASE_STRIP = NO;
				DEBUG_INFORMATION_FORMAT = "dwarf-with-dsym";
				ENABLE_NS_ASSERTIONS = NO;
				ENABLE_STRICT_OBJC_MSGSEND = YES;
				GCC_C_LANGUAGE_STANDARD = gnu11;
				GCC_NO_COMMON_BLOCKS = YES;
				GCC_WARN_64_TO_32_BIT_CONVERSION = YES;
				GCC_WARN_ABOUT_RETURN_TYPE = YES_ERROR;
				GCC_WARN_UNDECLARED_SELECTOR = YES;
				GCC_WARN_UNINITIALIZED_AUTOS = YES_AGGRESSIVE;
				GCC_WARN_UNUSED_FUNCTION = YES;
				GCC_WARN_UNUSED_VARIABLE = YES;
				IPHONEOS_DEPLOYMENT_TARGET = 15.4;
				MTL_ENABLE_DEBUG_INFO = NO;
				MTL_FAST_MATH = YES;
				SDKROOT = iphoneos;
				SWIFT_COMPILATION_MODE = wholemodule;
				SWIFT_OPTIMIZATION_LEVEL = "-O";
				VALIDATE_PRODUCT = YES;
			};
			name = Release;
		};
		4C1859412826B1EA00819184 /* Debug */ = {
			isa = XCBuildConfiguration;
			baseConfigurationReference = CFFF3E0C437875CF179E62EA /* Pods-PhotoLibrary.debug.xcconfig */;
			buildSettings = {
				ASSETCATALOG_COMPILER_APPICON_NAME = AppIcon;
				ASSETCATALOG_COMPILER_GLOBAL_ACCENT_COLOR_NAME = AccentColor;
				CODE_SIGN_STYLE = Automatic;
				CURRENT_PROJECT_VERSION = 1;
				DEVELOPMENT_TEAM = SQPM757FFZ;
				GENERATE_INFOPLIST_FILE = YES;
				INFOPLIST_FILE = PhotoLibrary/Info.plist;
				INFOPLIST_KEY_UIApplicationSupportsIndirectInputEvents = YES;
				INFOPLIST_KEY_UILaunchStoryboardName = LaunchScreen;
				INFOPLIST_KEY_UIMainStoryboardFile = "";
				INFOPLIST_KEY_UISupportedInterfaceOrientations_iPad = "UIInterfaceOrientationPortrait UIInterfaceOrientationPortraitUpsideDown UIInterfaceOrientationLandscapeLeft UIInterfaceOrientationLandscapeRight";
				INFOPLIST_KEY_UISupportedInterfaceOrientations_iPhone = "UIInterfaceOrientationPortrait UIInterfaceOrientationLandscapeLeft UIInterfaceOrientationLandscapeRight";
				LD_RUNPATH_SEARCH_PATHS = (
					"$(inherited)",
					"@executable_path/Frameworks",
				);
				MARKETING_VERSION = 1.0;
				PRODUCT_BUNDLE_IDENTIFIER = akhmetov.PhotoLibrary;
				PRODUCT_NAME = "$(TARGET_NAME)";
				SWIFT_EMIT_LOC_STRINGS = YES;
				SWIFT_VERSION = 5.0;
				TARGETED_DEVICE_FAMILY = "1,2";
			};
			name = Debug;
		};
		4C1859422826B1EA00819184 /* Release */ = {
			isa = XCBuildConfiguration;
			baseConfigurationReference = F8B8DA84472B8E1318E1BEA4 /* Pods-PhotoLibrary.release.xcconfig */;
			buildSettings = {
				ASSETCATALOG_COMPILER_APPICON_NAME = AppIcon;
				ASSETCATALOG_COMPILER_GLOBAL_ACCENT_COLOR_NAME = AccentColor;
				CODE_SIGN_STYLE = Automatic;
				CURRENT_PROJECT_VERSION = 1;
				DEVELOPMENT_TEAM = SQPM757FFZ;
				GENERATE_INFOPLIST_FILE = YES;
				INFOPLIST_FILE = PhotoLibrary/Info.plist;
				INFOPLIST_KEY_UIApplicationSupportsIndirectInputEvents = YES;
				INFOPLIST_KEY_UILaunchStoryboardName = LaunchScreen;
				INFOPLIST_KEY_UIMainStoryboardFile = "";
				INFOPLIST_KEY_UISupportedInterfaceOrientations_iPad = "UIInterfaceOrientationPortrait UIInterfaceOrientationPortraitUpsideDown UIInterfaceOrientationLandscapeLeft UIInterfaceOrientationLandscapeRight";
				INFOPLIST_KEY_UISupportedInterfaceOrientations_iPhone = "UIInterfaceOrientationPortrait UIInterfaceOrientationLandscapeLeft UIInterfaceOrientationLandscapeRight";
				LD_RUNPATH_SEARCH_PATHS = (
					"$(inherited)",
					"@executable_path/Frameworks",
				);
				MARKETING_VERSION = 1.0;
				PRODUCT_BUNDLE_IDENTIFIER = akhmetov.PhotoLibrary;
				PRODUCT_NAME = "$(TARGET_NAME)";
				SWIFT_EMIT_LOC_STRINGS = YES;
				SWIFT_VERSION = 5.0;
				TARGETED_DEVICE_FAMILY = "1,2";
			};
			name = Release;
		};
/* End XCBuildConfiguration section */

/* Begin XCConfigurationList section */
		4C1859272826B1E700819184 /* Build configuration list for PBXProject "PhotoLibrary" */ = {
			isa = XCConfigurationList;
			buildConfigurations = (
				4C18593E2826B1EA00819184 /* Debug */,
				4C18593F2826B1EA00819184 /* Release */,
			);
			defaultConfigurationIsVisible = 0;
			defaultConfigurationName = Release;
		};
		4C1859402826B1EA00819184 /* Build configuration list for PBXNativeTarget "PhotoLibrary" */ = {
			isa = XCConfigurationList;
			buildConfigurations = (
				4C1859412826B1EA00819184 /* Debug */,
				4C1859422826B1EA00819184 /* Release */,
			);
			defaultConfigurationIsVisible = 0;
			defaultConfigurationName = Release;
		};
/* End XCConfigurationList section */
	};
	rootObject = 4C1859242826B1E700819184 /* Project object */;
}
